
Microsoft Visual Studio Solution File, Format Version 12.00
# Visual Studio Version 17
VisualStudioVersion = 17.0.31903.59
MinimumVisualStudioVersion = 10.0.40219.1
Project("{FAE04EC0-301F-11D3-BF4B-00C04F79EFBC}") = "Carseer_VehicleTypes_API", "Carseer_VehicleTypes_API\Carseer_VehicleTypes_API.csproj", "{DA8B383F-DEC2-4B64-80E8-883976BA4B31}"
EndProject
Global
	GlobalSection(SolutionConfigurationPlatforms) = preSolution
		Debug|Any CPU = Debug|Any CPU
		Release|Any CPU = Release|Any CPU
	EndGlobalSection
	GlobalSection(SolutionProperties) = preSolution
		HideSolutionNode = FALSE
	EndGlobalSection
	GlobalSection(ProjectConfigurationPlatforms) = postSolution
		{DA8B383F-DEC2-4B64-80E8-883976BA4B31}.Debug|Any CPU.ActiveCfg = Debug|Any CPU
		{DA8B383F-DEC2-4B64-80E8-883976BA4B31}.Debug|Any CPU.Build.0 = Debug|Any CPU
		{DA8B383F-DEC2-4B64-80E8-883976BA4B31}.Release|Any CPU.ActiveCfg = Release|Any CPU
		{DA8B383F-DEC2-4B64-80E8-883976BA4B31}.Release|Any CPU.Build.0 = Release|Any CPU
	EndGlobalSection
EndGlobal
